
Microsoft Visual Studio Solution File, Format Version 12.00
# Visual Studio 15
VisualStudioVersion = 15.0.28010.2046
MinimumVisualStudioVersion = 10.0.40219.1
Project("{888888A0-9F3D-457C-B088-3A5042F75D52}") = "GAN_mnist", "CNN_GAN\GAN_mnist.pyproj", "{A7D0D3C6-432F-4917-A545-1E6866B4A938}"
EndProject
Global
	GlobalSection(SolutionConfigurationPlatforms) = preSolution
		Debug|Any CPU = Debug|Any CPU
		Release|Any CPU = Release|Any CPU
	EndGlobalSection
	GlobalSection(ProjectConfigurationPlatforms) = postSolution
		{A7D0D3C6-432F-4917-A545-1E6866B4A938}.Debug|Any CPU.ActiveCfg = Debug|Any CPU
		{A7D0D3C6-432F-4917-A545-1E6866B4A938}.Release|Any CPU.ActiveCfg = Release|Any CPU
	EndGlobalSection
	GlobalSection(SolutionProperties) = preSolution
		HideSolutionNode = FALSE
	EndGlobalSection
	GlobalSection(ExtensibilityGlobals) = postSolution
		SolutionGuid = {2A6140DA-FBC0-4B21-AF7F-B6B3B4082397}
	EndGlobalSection
EndGlobal
